
Microsoft Visual Studio Solution File, Format Version 12.00
# Visual Studio Version 16
VisualStudioVersion = 16.0.29806.167
MinimumVisualStudioVersion = 10.0.40219.1
Project("{9A19103F-16F7-4668-BE54-9A1E7A4F7556}") = "DataAccess", "DataAccess\DataAccess.csproj", "{0F4E50FA-C4DE-42C8-9BEC-AA982B1A4535}"
EndProject
Project("{9A19103F-16F7-4668-BE54-9A1E7A4F7556}") = "Business", "Business\Business.csproj", "{9F437721-A349-48D8-B922-94B76EA48A59}"
EndProject
Project("{9A19103F-16F7-4668-BE54-9A1E7A4F7556}") = "Entities", "Entities\Entities.csproj", "{FF8DFE5B-23CD-4D86-A5EB-9FD0E0D7F47C}"
EndProject
Project("{9A19103F-16F7-4668-BE54-9A1E7A4F7556}") = "Core", "Core\Core.csproj", "{22F508BC-7D97-4955-B387-F380C7DF5A17}"
EndProject
Project("{FAE04EC0-301F-11D3-BF4B-00C04F79EFBC}") = "WebAPI", "WebAPI\WebAPI.csproj", "{638072E1-EAD7-4B5A-A91A-B457A082B5A2}"
EndProject
Global
	GlobalSection(SolutionConfigurationPlatforms) = preSolution
		Debug|Any CPU = Debug|Any CPU
		Release|Any CPU = Release|Any CPU
	EndGlobalSection
	GlobalSection(ProjectConfigurationPlatforms) = postSolution
		{0F4E50FA-C4DE-42C8-9BEC-AA982B1A4535}.Debug|Any CPU.ActiveCfg = Debug|Any CPU
		{0F4E50FA-C4DE-42C8-9BEC-AA982B1A4535}.Debug|Any CPU.Build.0 = Debug|Any CPU
		{0F4E50FA-C4DE-42C8-9BEC-AA982B1A4535}.Release|Any CPU.ActiveCfg = Release|Any CPU
		{0F4E50FA-C4DE-42C8-9BEC-AA982B1A4535}.Release|Any CPU.Build.0 = Release|Any CPU
		{9F437721-A349-48D8-B922-94B76EA48A59}.Debug|Any CPU.ActiveCfg = Debug|Any CPU
		{9F437721-A349-48D8-B922-94B76EA48A59}.Debug|Any CPU.Build.0 = Debug|Any CPU
		{9F437721-A349-48D8-B922-94B76EA48A59}.Release|Any CPU.ActiveCfg = Release|Any CPU
		{9F437721-A349-48D8-B922-94B76EA48A59}.Release|Any CPU.Build.0 = Release|Any CPU
		{FF8DFE5B-23CD-4D86-A5EB-9FD0E0D7F47C}.Debug|Any CPU.ActiveCfg = Debug|Any CPU
		{FF8DFE5B-23CD-4D86-A5EB-9FD0E0D7F47C}.Debug|Any CPU.Build.0 = Debug|Any CPU
		{FF8DFE5B-23CD-4D86-A5EB-9FD0E0D7F47C}.Release|Any CPU.ActiveCfg = Release|Any CPU
		{FF8DFE5B-23CD-4D86-A5EB-9FD0E0D7F47C}.Release|Any CPU.Build.0 = Release|Any CPU
		{22F508BC-7D97-4955-B387-F380C7DF5A17}.Debug|Any CPU.ActiveCfg = Debug|Any CPU
		{22F508BC-7D97-4955-B387-F380C7DF5A17}.Debug|Any CPU.Build.0 = Debug|Any CPU
		{22F508BC-7D97-4955-B387-F380C7DF5A17}.Release|Any CPU.ActiveCfg = Release|Any CPU
		{22F508BC-7D97-4955-B387-F380C7DF5A17}.Release|Any CPU.Build.0 = Release|Any CPU
		{638072E1-EAD7-4B5A-A91A-B457A082B5A2}.Debug|Any CPU.ActiveCfg = Debug|Any CPU
		{638072E1-EAD7-4B5A-A91A-B457A082B5A2}.Debug|Any CPU.Build.0 = Debug|Any CPU
		{638072E1-EAD7-4B5A-A91A-B457A082B5A2}.Release|Any CPU.ActiveCfg = Release|Any CPU
		{638072E1-EAD7-4B5A-A91A-B457A082B5A2}.Release|Any CPU.Build.0 = Release|Any CPU
	EndGlobalSection
	GlobalSection(SolutionProperties) = preSolution
		HideSolutionNode = FALSE
	EndGlobalSection
	GlobalSection(ExtensibilityGlobals) = postSolution
		SolutionGuid = {5B16E17E-1A10-4EE7-9707-148B6ABB870A}
	EndGlobalSection
EndGlobal
